# THIS IS AN AUTOGENERATED FILE. DO NOT EDIT THIS FILE DIRECTLY.
# yarn lockfile v1


"@nuxtjs/recaptcha@^1.0.4":
  version "1.0.4"
  resolved "https://registry.yarnpkg.com/@nuxtjs/recaptcha/-/recaptcha-1.0.4.tgz#a12e3faa619c82d3e003b59cb6307516c8416ec3"
  integrity sha512-4K9cXaVGZrcXy3ys5OBL1/njkOxTpRjLDKLU/S6qatyISdGLv+tSFLSCJeEKTCO7UHC1fMCTb5UlOWajkQqPdw==

crypto-js@^4.1.1:
  version "4.1.1"
  resolved "https://registry.yarnpkg.com/crypto-js/-/crypto-js-4.1.1.tgz#9e485bcf03521041bd85844786b83fb7619736cf"
  integrity sha512-o2JlM7ydqd3Qk9CA0L4NL6mTzU2sdx96a+oOfPu8Mkl/PK51vSyoi8/rQ8NknZtk44vq15lmhAj9CIAGwgeWKw==
